lockfileVersion: '6.0'

settings:
  autoInstallPeers: true
  excludeLinksFromLockfile: false

dependencies:
  hono:
    specifier: ^3.11.7
    version: 3.11.7
  kysely:
    specifier: ^0.24.2
    version: 0.24.2

packages:

  /hono@3.11.7:
    resolution: {integrity: sha512-TcfAq7IdipF+9coxnuzYlSSBXbm9mTyWjjagLCv/2ampboNcKJdi+XCK5G48mHQtpI5+9Rj3J4FfcGgw9vzIww==}
    engines: {node: '>=16.0.0'}
    dev: false

  /kysely@0.24.2:
    resolution: {integrity: sha512-+7eaTJNUYm2yRq1x+lEOZc+78TO35dTZ9b0dh49+Z9CTt2byMSbMiOKpwPlOyCAaHD4kILkAYWYZNywFlmBwRA==}
    engines: {node: '>=14.0.0'}
    dev: false
